NeoBundleLock 5138905 ed2b6a4317bd70f4b3c8437d84f4e12ab38d36a9
NeoBundleLock ale 1d87c844b0dd824e3e51cbbf651aec4d1d8834e5
NeoBundleLock auto-ctags.vim 6bbc9351d734b6f848ccd93902b2ca132e27e896
NeoBundleLock emmet-vim e6fb10d22a9bd2a02c386c81486a065e71c6a92d
NeoBundleLock fzf 5d16b288698ecec96080a5d576521d92550e78fd
NeoBundleLock fzf.vim f0acabf7e837e626c7102c30af890bccf79e33b7
NeoBundleLock gina.vim e0e40fafc63451b411988ef0a44b043f8d4d5bf2
NeoBundleLock grep.vim 852ddb0c6590bbc41c508d7f5d2fc17112492def
NeoBundleLock indentLine 80f4acdfab361407d449a3b3e12130217dd0d2a1
NeoBundleLock lightline.vim 1ef44bfa50320347004be77f836e97dc4f54982e
NeoBundleLock matchit 060d9d8aa381d6a650b649d38c992b59db3ed1a3
NeoBundleLock molokai c67bdfcdb31415aa0ade7f8c003261700a885476
NeoBundleLock neobundle.vim 1306c131ff0a6cc094b7ff0727350e442b5427f1
NeoBundleLock nerdtree 72c3656799289d4635520c28e17f737066ce19d6
NeoBundleLock switch.vim ad4fe10ee54973d1f984ef3366e3c370c6caf43d
NeoBundleLock taglist.vim 53041fbc45398a9af631a20657e109707a455339
NeoBundleLock tcomment_vim fba729503bd0add6ccdea3d0a6f5ea8d0c942772
NeoBundleLock unite.vim f08df66abda88a83f0436e0bd1ffa05009a9645a
NeoBundleLock vim-auto-save 1685175183d160879ebcf231cd4c96b1b8a5a5c9
NeoBundleLock vim-coffee-script 9e3b4de2a476caeb6ff21b5da20966d7c67a98bb
NeoBundleLock vim-easymotion 1a0244c90c3ff46219cf9597bb13662be4232407
NeoBundleLock vim-gitgutter 1d422b9f98194e38bc56e54192c9bc66d95c21f1
NeoBundleLock vim-quickrun 875253cf98415de2aef411a50f35e2d7cb94aeac
NeoBundleLock vim-speeddating 799cd3473bc64adcb6b556bf349f549570666b62
NeoBundleLock vim-surround 597068870b8f093a8b2d11536c62ff31222ee8d0
NeoBundleLock vim-trailing-whitespace 4c596548216b7c19971f8fc94e38ef1a2b55fee6
NeoBundleLock vimdoc-ja fde32ca33887a7f6529920165c9241dffd812887
NeoBundleLock vimfiler edbb2f2e6baa66c51f73a82afa2bb740415a64ea
